
Microsoft Visual Studio Solution File, Format Version 12.00
# Visual Studio Version 17
VisualStudioVersion = 17.14.36119.2 d17.14
MinimumVisualStudioVersion = 10.0.40219.1
Project("{FAE04EC0-301F-11D3-BF4B-00C04F79EFBC}") = "HomeFinance.web", "HomeFinance.web\HomeFinance.web.csproj", "{6CADAC48-82C6-42F3-8D63-E64478098FBA}"
EndProject
Global
	GlobalSection(SolutionConfigurationPlatforms) = preSolution
		Debug|Any CPU = Debug|Any CPU
		Release|Any CPU = Release|Any CPU
	EndGlobalSection
	GlobalSection(ProjectConfigurationPlatforms) = postSolution
		{6CADAC48-82C6-42F3-8D63-E64478098FBA}.Debug|Any CPU.ActiveCfg = Debug|Any CPU
		{6CADAC48-82C6-42F3-8D63-E64478098FBA}.Debug|Any CPU.Build.0 = Debug|Any CPU
		{6CADAC48-82C6-42F3-8D63-E64478098FBA}.Release|Any CPU.ActiveCfg = Release|Any CPU
		{6CADAC48-82C6-42F3-8D63-E64478098FBA}.Release|Any CPU.Build.0 = Release|Any CPU
	EndGlobalSection
	GlobalSection(SolutionProperties) = preSolution
		HideSolutionNode = FALSE
	EndGlobalSection
	GlobalSection(ExtensibilityGlobals) = postSolution
		SolutionGuid = {0B14AF86-6229-4BCA-A441-A6C3EBC08019}
	EndGlobalSection
EndGlobal
